
Microsoft Visual Studio Solution File, Format Version 12.00
# Visual Studio Version 17
VisualStudioVersion = 17.14.36623.8
MinimumVisualStudioVersion = 10.0.40219.1
Project("{FAE04EC0-301F-11D3-BF4B-00C04F79EFBC}") = "DVLD", "DVLD\DVLD.csproj", "{3C05847D-5F91-4F33-A2CE-F1BD972D9D9B}"
EndProject
Project("{FAE04EC0-301F-11D3-BF4B-00C04F79EFBC}") = "DVLD_Business", "DVLD_Business\DVLD_Business.csproj", "{690299F7-24E0-4BBC-8CB7-88259EA5736E}"
EndProject
Project("{FAE04EC0-301F-11D3-BF4B-00C04F79EFBC}") = "DVLD_DataAccess", "DVLD_DataAccess\DVLD_DataAccess.csproj", "{6F914914-1078-4375-A7DF-A35B3B7820B1}"
EndProject
Global
	GlobalSection(SolutionConfigurationPlatforms) = preSolution
		Debug|Any CPU = Debug|Any CPU
		Release|Any CPU = Release|Any CPU
	EndGlobalSection
	GlobalSection(ProjectConfigurationPlatforms) = postSolution
		{3C05847D-5F91-4F33-A2CE-F1BD972D9D9B}.Debug|Any CPU.ActiveCfg = Debug|Any CPU
		{3C05847D-5F91-4F33-A2CE-F1BD972D9D9B}.Debug|Any CPU.Build.0 = Debug|Any CPU
		{3C05847D-5F91-4F33-A2CE-F1BD972D9D9B}.Release|Any CPU.ActiveCfg = Release|Any CPU
		{3C05847D-5F91-4F33-A2CE-F1BD972D9D9B}.Release|Any CPU.Build.0 = Release|Any CPU
		{690299F7-24E0-4BBC-8CB7-88259EA5736E}.Debug|Any CPU.ActiveCfg = Debug|Any CPU
		{690299F7-24E0-4BBC-8CB7-88259EA5736E}.Debug|Any CPU.Build.0 = Debug|Any CPU
		{690299F7-24E0-4BBC-8CB7-88259EA5736E}.Release|Any CPU.ActiveCfg = Release|Any CPU
		{690299F7-24E0-4BBC-8CB7-88259EA5736E}.Release|Any CPU.Build.0 = Release|Any CPU
		{6F914914-1078-4375-A7DF-A35B3B7820B1}.Debug|Any CPU.ActiveCfg = Debug|Any CPU
		{6F914914-1078-4375-A7DF-A35B3B7820B1}.Debug|Any CPU.Build.0 = Debug|Any CPU
		{6F914914-1078-4375-A7DF-A35B3B7820B1}.Release|Any CPU.ActiveCfg = Release|Any CPU
		{6F914914-1078-4375-A7DF-A35B3B7820B1}.Release|Any CPU.Build.0 = Release|Any CPU
	EndGlobalSection
	GlobalSection(SolutionProperties) = preSolution
		HideSolutionNode = FALSE
	EndGlobalSection
	GlobalSection(ExtensibilityGlobals) = postSolution
		SolutionGuid = {A32C92C5-DD17-4A9C-986F-D865DC4D9C1B}
	EndGlobalSection
EndGlobal
